
Microsoft Visual Studio Solution File, Format Version 12.00
# Visual Studio Version 16
VisualStudioVersion = 16.0.31321.278
MinimumVisualStudioVersion = 10.0.40219.1
Project("{FAE04EC0-301F-11D3-BF4B-00C04F79EFBC}") = "HashTable", "HashTable\HashTable.csproj", "{7CA3C6EF-4333-4C57-94F9-E0647154204B}"
EndProject
Global
	GlobalSection(SolutionConfigurationPlatforms) = preSolution
		Debug|Any CPU = Debug|Any CPU
		Release|Any CPU = Release|Any CPU
	EndGlobalSection
	GlobalSection(ProjectConfigurationPlatforms) = postSolution
		{7CA3C6EF-4333-4C57-94F9-E0647154204B}.Debug|Any CPU.ActiveCfg = Debug|Any CPU
		{7CA3C6EF-4333-4C57-94F9-E0647154204B}.Debug|Any CPU.Build.0 = Debug|Any CPU
		{7CA3C6EF-4333-4C57-94F9-E0647154204B}.Release|Any CPU.ActiveCfg = Release|Any CPU
		{7CA3C6EF-4333-4C57-94F9-E0647154204B}.Release|Any CPU.Build.0 = Release|Any CPU
	EndGlobalSection
	GlobalSection(SolutionProperties) = preSolution
		HideSolutionNode = FALSE
	EndGlobalSection
	GlobalSection(ExtensibilityGlobals) = postSolution
		SolutionGuid = {61FD214B-2F17-451E-A5B8-458710011BF6}
	EndGlobalSection
EndGlobal
