
Microsoft Visual Studio Solution File, Format Version 12.00
# Visual Studio Version 16
VisualStudioVersion = 16.0.31321.278
MinimumVisualStudioVersion = 10.0.40219.1
Project("{FAE04EC0-301F-11D3-BF4B-00C04F79EFBC}") = "Virtual", "Virtual\Virtual.csproj", "{A08F3357-66CA-40A6-A03A-C89E3BB3FCC2}"
EndProject
Global
	GlobalSection(SolutionConfigurationPlatforms) = preSolution
		Debug|Any CPU = Debug|Any CPU
		Release|Any CPU = Release|Any CPU
	EndGlobalSection
	GlobalSection(ProjectConfigurationPlatforms) = postSolution
		{A08F3357-66CA-40A6-A03A-C89E3BB3FCC2}.Debug|Any CPU.ActiveCfg = Debug|Any CPU
		{A08F3357-66CA-40A6-A03A-C89E3BB3FCC2}.Debug|Any CPU.Build.0 = Debug|Any CPU
		{A08F3357-66CA-40A6-A03A-C89E3BB3FCC2}.Release|Any CPU.ActiveCfg = Release|Any CPU
		{A08F3357-66CA-40A6-A03A-C89E3BB3FCC2}.Release|Any CPU.Build.0 = Release|Any CPU
	EndGlobalSection
	GlobalSection(SolutionProperties) = preSolution
		HideSolutionNode = FALSE
	EndGlobalSection
	GlobalSection(ExtensibilityGlobals) = postSolution
		SolutionGuid = {268FAA41-8FB6-443D-BFC8-C7277157D520}
	EndGlobalSection
EndGlobal
