
Microsoft Visual Studio Solution File, Format Version 12.00
# Visual Studio Version 16
VisualStudioVersion = 16.0.31321.278
MinimumVisualStudioVersion = 10.0.40219.1
Project("{FAE04EC0-301F-11D3-BF4B-00C04F79EFBC}") = "Where", "Where\Where.csproj", "{35745E43-83CF-404E-8974-30287BA16B1B}"
EndProject
Global
	GlobalSection(SolutionConfigurationPlatforms) = preSolution
		Debug|Any CPU = Debug|Any CPU
		Release|Any CPU = Release|Any CPU
	EndGlobalSection
	GlobalSection(ProjectConfigurationPlatforms) = postSolution
		{35745E43-83CF-404E-8974-30287BA16B1B}.Debug|Any CPU.ActiveCfg = Debug|Any CPU
		{35745E43-83CF-404E-8974-30287BA16B1B}.Debug|Any CPU.Build.0 = Debug|Any CPU
		{35745E43-83CF-404E-8974-30287BA16B1B}.Release|Any CPU.ActiveCfg = Release|Any CPU
		{35745E43-83CF-404E-8974-30287BA16B1B}.Release|Any CPU.Build.0 = Release|Any CPU
	EndGlobalSection
	GlobalSection(SolutionProperties) = preSolution
		HideSolutionNode = FALSE
	EndGlobalSection
	GlobalSection(ExtensibilityGlobals) = postSolution
		SolutionGuid = {C2BAA934-8151-4AD3-9601-25DBF842D0AC}
	EndGlobalSection
EndGlobal
