
Microsoft Visual Studio Solution File, Format Version 12.00
# Visual Studio Version 16
VisualStudioVersion = 16.0.31321.278
MinimumVisualStudioVersion = 10.0.40219.1
Project("{FAE04EC0-301F-11D3-BF4B-00C04F79EFBC}") = "DelegateFunc", "DelegateFunc\DelegateFunc.csproj", "{DD6FC7C0-E0D2-4B27-A869-B98B43E912A9}"
EndProject
Global
	GlobalSection(SolutionConfigurationPlatforms) = preSolution
		Debug|Any CPU = Debug|Any CPU
		Release|Any CPU = Release|Any CPU
	EndGlobalSection
	GlobalSection(ProjectConfigurationPlatforms) = postSolution
		{DD6FC7C0-E0D2-4B27-A869-B98B43E912A9}.Debug|Any CPU.ActiveCfg = Debug|Any CPU
		{DD6FC7C0-E0D2-4B27-A869-B98B43E912A9}.Debug|Any CPU.Build.0 = Debug|Any CPU
		{DD6FC7C0-E0D2-4B27-A869-B98B43E912A9}.Release|Any CPU.ActiveCfg = Release|Any CPU
		{DD6FC7C0-E0D2-4B27-A869-B98B43E912A9}.Release|Any CPU.Build.0 = Release|Any CPU
	EndGlobalSection
	GlobalSection(SolutionProperties) = preSolution
		HideSolutionNode = FALSE
	EndGlobalSection
	GlobalSection(ExtensibilityGlobals) = postSolution
		SolutionGuid = {7A133328-CEE9-4341-B5ED-8F1F4F1042E0}
	EndGlobalSection
EndGlobal
