
Microsoft Visual Studio Solution File, Format Version 12.00
# Visual Studio Version 16
VisualStudioVersion = 16.0.31321.278
MinimumVisualStudioVersion = 10.0.40219.1
Project("{FAE04EC0-301F-11D3-BF4B-00C04F79EFBC}") = "Extensao", "Extensao\Extensao.csproj", "{3F2DFA1E-33D2-4B7B-A4CE-48E1BB03CF9E}"
EndProject
Global
	GlobalSection(SolutionConfigurationPlatforms) = preSolution
		Debug|Any CPU = Debug|Any CPU
		Release|Any CPU = Release|Any CPU
	EndGlobalSection
	GlobalSection(ProjectConfigurationPlatforms) = postSolution
		{3F2DFA1E-33D2-4B7B-A4CE-48E1BB03CF9E}.Debug|Any CPU.ActiveCfg = Debug|Any CPU
		{3F2DFA1E-33D2-4B7B-A4CE-48E1BB03CF9E}.Debug|Any CPU.Build.0 = Debug|Any CPU
		{3F2DFA1E-33D2-4B7B-A4CE-48E1BB03CF9E}.Release|Any CPU.ActiveCfg = Release|Any CPU
		{3F2DFA1E-33D2-4B7B-A4CE-48E1BB03CF9E}.Release|Any CPU.Build.0 = Release|Any CPU
	EndGlobalSection
	GlobalSection(SolutionProperties) = preSolution
		HideSolutionNode = FALSE
	EndGlobalSection
	GlobalSection(ExtensibilityGlobals) = postSolution
		SolutionGuid = {8099D938-8DDC-4E9B-9232-D901292D07F1}
	EndGlobalSection
EndGlobal
