
Microsoft Visual Studio Solution File, Format Version 12.00
# Visual Studio Version 16
VisualStudioVersion = 16.0.31321.278
MinimumVisualStudioVersion = 10.0.40219.1
Project("{FAE04EC0-301F-11D3-BF4B-00C04F79EFBC}") = "Group_Composto", "Group_Composto\Group_Composto.csproj", "{7D2F1ED0-D615-4353-81CB-CEB52B6F1B61}"
EndProject
Global
	GlobalSection(SolutionConfigurationPlatforms) = preSolution
		Debug|Any CPU = Debug|Any CPU
		Release|Any CPU = Release|Any CPU
	EndGlobalSection
	GlobalSection(ProjectConfigurationPlatforms) = postSolution
		{7D2F1ED0-D615-4353-81CB-CEB52B6F1B61}.Debug|Any CPU.ActiveCfg = Debug|Any CPU
		{7D2F1ED0-D615-4353-81CB-CEB52B6F1B61}.Debug|Any CPU.Build.0 = Debug|Any CPU
		{7D2F1ED0-D615-4353-81CB-CEB52B6F1B61}.Release|Any CPU.ActiveCfg = Release|Any CPU
		{7D2F1ED0-D615-4353-81CB-CEB52B6F1B61}.Release|Any CPU.Build.0 = Release|Any CPU
	EndGlobalSection
	GlobalSection(SolutionProperties) = preSolution
		HideSolutionNode = FALSE
	EndGlobalSection
	GlobalSection(ExtensibilityGlobals) = postSolution
		SolutionGuid = {EED38202-7CBA-444B-8005-F4DF163D63E2}
	EndGlobalSection
EndGlobal
